
Microsoft Visual Studio Solution File, Format Version 10.00
# Visual Studio 2008
Project("{E24C65DC-7377-472B-9ABA-BC803B73C61A}") = "SvnWebQuery", "SvnWebQuery\", "{F62EB1A3-50EA-49AE-AEA5-25836D036776}"
	ProjectSection(WebsiteProperties) = preProject
		TargetFramework = "3.5"
		ProjectReferences = "{04B2FFD5-A748-402B-88C6-C3A2E0BC3A42}|SvnIndex.dll;"
		Debug.AspNetCompiler.VirtualPath = "/SvnWebQuery"
		Debug.AspNetCompiler.PhysicalPath = "SvnWebQuery\"
		Debug.AspNetCompiler.TargetPath = "PrecompiledWeb\SvnWebQuery\"
		Debug.AspNetCompiler.Updateable = "true"
		Debug.AspNetCompiler.ForceOverwrite = "true"
		Debug.AspNetCompiler.FixedNames = "false"
		Debug.AspNetCompiler.Debug = "True"
		Release.AspNetCompiler.VirtualPath = "/SvnWebQuery"
		Release.AspNetCompiler.PhysicalPath = "SvnWebQuery\"
		Release.AspNetCompiler.TargetPath = "PrecompiledWeb\SvnWebQuery\"
		Release.AspNetCompiler.Updateable = "true"
		Release.AspNetCompiler.ForceOverwrite = "true"
		Release.AspNetCompiler.FixedNames = "false"
		Release.AspNetCompiler.Debug = "False"
		VWDPort = "2026"
		DefaultWebSiteLanguage = "Visual C#"
	EndProjectSection
EndProject
Project("{FAE04EC0-301F-11D3-BF4B-00C04F79EFBC}") = "SvnIndex", "SvnIndex\SvnIndex.csproj", "{7015FFBE-DFF9-4E6B-BC4C-8129EB1CDD2E}"
EndProject
Project("{FAE04EC0-301F-11D3-BF4B-00C04F79EFBC}") = "SvnQuery", "SvnQuery\SvnQuery.csproj", "{04B2FFD5-A748-402B-88C6-C3A2E0BC3A42}"
EndProject
Project("{FAE04EC0-301F-11D3-BF4B-00C04F79EFBC}") = "SvnQueryTests", "SvnQueryTests\SvnQueryTests.csproj", "{386EE9EF-D710-4F4A-8040-A4B9130DAA3D}"
EndProject
Project("{FAE04EC0-301F-11D3-BF4B-00C04F79EFBC}") = "SvnIndexTests", "SvnIndexTests\SvnIndexTests.csproj", "{36768AD5-5B70-41ED-BC86-5FB84A9F2D51}"
EndProject
Global
	GlobalSection(SolutionConfigurationPlatforms) = preSolution
		Debug|Any CPU = Debug|Any CPU
		Release|Any CPU = Release|Any CPU
	EndGlobalSection
	GlobalSection(ProjectConfigurationPlatforms) = postSolution
		{F62EB1A3-50EA-49AE-AEA5-25836D036776}.Debug|Any CPU.ActiveCfg = Debug|Any CPU
		{F62EB1A3-50EA-49AE-AEA5-25836D036776}.Debug|Any CPU.Build.0 = Debug|Any CPU
		{F62EB1A3-50EA-49AE-AEA5-25836D036776}.Release|Any CPU.ActiveCfg = Debug|Any CPU
		{F62EB1A3-50EA-49AE-AEA5-25836D036776}.Release|Any CPU.Build.0 = Debug|Any CPU
		{7015FFBE-DFF9-4E6B-BC4C-8129EB1CDD2E}.Debug|Any CPU.ActiveCfg = Debug|Any CPU
		{7015FFBE-DFF9-4E6B-BC4C-8129EB1CDD2E}.Debug|Any CPU.Build.0 = Debug|Any CPU
		{7015FFBE-DFF9-4E6B-BC4C-8129EB1CDD2E}.Release|Any CPU.ActiveCfg = Release|Any CPU
		{7015FFBE-DFF9-4E6B-BC4C-8129EB1CDD2E}.Release|Any CPU.Build.0 = Release|Any CPU
		{04B2FFD5-A748-402B-88C6-C3A2E0BC3A42}.Debug|Any CPU.ActiveCfg = Debug|Any CPU
		{04B2FFD5-A748-402B-88C6-C3A2E0BC3A42}.Debug|Any CPU.Build.0 = Debug|Any CPU
		{04B2FFD5-A748-402B-88C6-C3A2E0BC3A42}.Release|Any CPU.ActiveCfg = Release|Any CPU
		{04B2FFD5-A748-402B-88C6-C3A2E0BC3A42}.Release|Any CPU.Build.0 = Release|Any CPU
		{386EE9EF-D710-4F4A-8040-A4B9130DAA3D}.Debug|Any CPU.ActiveCfg = Debug|Any CPU
		{386EE9EF-D710-4F4A-8040-A4B9130DAA3D}.Debug|Any CPU.Build.0 = Debug|Any CPU
		{386EE9EF-D710-4F4A-8040-A4B9130DAA3D}.Release|Any CPU.ActiveCfg = Release|Any CPU
		{386EE9EF-D710-4F4A-8040-A4B9130DAA3D}.Release|Any CPU.Build.0 = Release|Any CPU
		{36768AD5-5B70-41ED-BC86-5FB84A9F2D51}.Debug|Any CPU.ActiveCfg = Debug|Any CPU
		{36768AD5-5B70-41ED-BC86-5FB84A9F2D51}.Debug|Any CPU.Build.0 = Debug|Any CPU
		{36768AD5-5B70-41ED-BC86-5FB84A9F2D51}.Release|Any CPU.ActiveCfg = Release|Any CPU
		{36768AD5-5B70-41ED-BC86-5FB84A9F2D51}.Release|Any CPU.Build.0 = Release|Any CPU
	EndGlobalSection
	GlobalSection(SolutionProperties) = preSolution
		HideSolutionNode = FALSE
	EndGlobalSection
EndGlobal
